
Microsoft Visual Studio Solution File, Format Version 12.00
# Visual Studio Version 17
VisualStudioVersion = 17.4.33213.308
MinimumVisualStudioVersion = 10.0.40219.1
Project("{2150E333-8FDC-42A3-9474-1A3956D46DE8}") = "src", "src", "{424F26AB-A79F-4866-9F4A-C58EC87F7898}"
EndProject
Project("{2150E333-8FDC-42A3-9474-1A3956D46DE8}") = "docs", "docs", "{CD95BAE7-0C50-4B8D-B93E-7E3AD5C91964}"
	ProjectSection(SolutionItems) = preProject
		docs\.gitignore = docs\.gitignore
		docs\docfx.json = docs\docfx.json
		docs\index.md = docs\index.md
		docs\toc.yml = docs\toc.yml
	EndProjectSection
EndProject
Project("{2150E333-8FDC-42A3-9474-1A3956D46DE8}") = "tests", "tests", "{9484376E-6C5B-4AB5-B902-BABEC5039A2D}"
EndProject
Project("{2150E333-8FDC-42A3-9474-1A3956D46DE8}") = "BetfairDotNet", "BetfairDotNet", "{2FE436FB-5886-49B9-A4E8-122EEA3B774C}"
	ProjectSection(SolutionItems) = preProject
		.gitignore = .gitignore
		LICENSE.md = LICENSE.md
		README.md = README.md
	EndProjectSection
EndProject
Project("{9A19103F-16F7-4668-BE54-9A1E7A4F7556}") = "BetfairDotNet", "src\BetfairDotNet\BetfairDotNet.csproj", "{C5A23823-2294-4BCB-A32A-D3A7092A4E73}"
EndProject
Project("{9A19103F-16F7-4668-BE54-9A1E7A4F7556}") = "BetfairDotNet.Tests", "tests\BetfairDotNet.Tests\BetfairDotNet.Tests.csproj", "{F369E322-2317-4FA3-86C6-FA92A2B2EEF5}"
EndProject
Project("{2150E333-8FDC-42A3-9474-1A3956D46DE8}") = "_site", "_site", "{DEBAB036-7728-4741-A792-E212BC6C5125}"
EndProject
Project("{2150E333-8FDC-42A3-9474-1A3956D46DE8}") = "articles", "articles", "{E8D51A65-E11E-4525-B42C-3582880ADE4F}"
	ProjectSection(SolutionItems) = preProject
		docs\articles\login-guide.md = docs\articles\login-guide.md
		docs\articles\ng-guide.md = docs\articles\ng-guide.md
		docs\articles\stream-guide.md = docs\articles\stream-guide.md
		docs\articles\toc.yml = docs\articles\toc.yml
		docs\articles\useful-snippets.md = docs\articles\useful-snippets.md
	EndProjectSection
EndProject
Project("{2150E333-8FDC-42A3-9474-1A3956D46DE8}") = "api", "api", "{13E4ED38-6243-4FB6-8C06-C7EA6FDFA88D}"
	ProjectSection(SolutionItems) = preProject
		docs\api\.manifest = docs\api\.manifest
		docs\api\BetfairDotNet.BetfairClient.yml = docs\api\BetfairDotNet.BetfairClient.yml
		docs\api\BetfairDotNet.Enums.Account.IncludeItemEnum.yml = docs\api\BetfairDotNet.Enums.Account.IncludeItemEnum.yml
		docs\api\BetfairDotNet.Enums.Account.ItemClassEnum.yml = docs\api\BetfairDotNet.Enums.Account.ItemClassEnum.yml
		docs\api\BetfairDotNet.Enums.Account.LoginStatusEnum.yml = docs\api\BetfairDotNet.Enums.Account.LoginStatusEnum.yml
		docs\api\BetfairDotNet.Enums.Account.WalletEnum.yml = docs\api\BetfairDotNet.Enums.Account.WalletEnum.yml
		docs\api\BetfairDotNet.Enums.Account.yml = docs\api\BetfairDotNet.Enums.Account.yml
		docs\api\BetfairDotNet.Enums.Betting.BetStatusEnum.yml = docs\api\BetfairDotNet.Enums.Betting.BetStatusEnum.yml
		docs\api\BetfairDotNet.Enums.Betting.BetTargetTypeEnum.yml = docs\api\BetfairDotNet.Enums.Betting.BetTargetTypeEnum.yml
		docs\api\BetfairDotNet.Enums.Betting.BetTypeEnum.yml = docs\api\BetfairDotNet.Enums.Betting.BetTypeEnum.yml
		docs\api\BetfairDotNet.Enums.Betting.ExecutionReportErrorCodeEnum.yml = docs\api\BetfairDotNet.Enums.Betting.ExecutionReportErrorCodeEnum.yml
		docs\api\BetfairDotNet.Enums.Betting.ExecutionReportStatusEnum.yml = docs\api\BetfairDotNet.Enums.Betting.ExecutionReportStatusEnum.yml
		docs\api\BetfairDotNet.Enums.Betting.GroupByEnum.yml = docs\api\BetfairDotNet.Enums.Betting.GroupByEnum.yml
		docs\api\BetfairDotNet.Enums.Betting.InstructionReportErrorCodeEnum.yml = docs\api\BetfairDotNet.Enums.Betting.InstructionReportErrorCodeEnum.yml
		docs\api\BetfairDotNet.Enums.Betting.InstructionReportStatusEnum.yml = docs\api\BetfairDotNet.Enums.Betting.InstructionReportStatusEnum.yml
		docs\api\BetfairDotNet.Enums.Betting.MarketBettingTypeEnum.yml = docs\api\BetfairDotNet.Enums.Betting.MarketBettingTypeEnum.yml
		docs\api\BetfairDotNet.Enums.Betting.MarketProjectionEnum.yml = docs\api\BetfairDotNet.Enums.Betting.MarketProjectionEnum.yml
		docs\api\BetfairDotNet.Enums.Betting.MarketSortEnum.yml = docs\api\BetfairDotNet.Enums.Betting.MarketSortEnum.yml
		docs\api\BetfairDotNet.Enums.Betting.MarketStatusEnum.yml = docs\api\BetfairDotNet.Enums.Betting.MarketStatusEnum.yml
		docs\api\BetfairDotNet.Enums.Betting.MatchProjectionEnum.yml = docs\api\BetfairDotNet.Enums.Betting.MatchProjectionEnum.yml
		docs\api\BetfairDotNet.Enums.Betting.OrderByEnum.yml = docs\api\BetfairDotNet.Enums.Betting.OrderByEnum.yml
		docs\api\BetfairDotNet.Enums.Betting.OrderProjectionEnum.yml = docs\api\BetfairDotNet.Enums.Betting.OrderProjectionEnum.yml
		docs\api\BetfairDotNet.Enums.Betting.OrderStatusEnum.yml = docs\api\BetfairDotNet.Enums.Betting.OrderStatusEnum.yml
		docs\api\BetfairDotNet.Enums.Betting.OrderTypeEnum.yml = docs\api\BetfairDotNet.Enums.Betting.OrderTypeEnum.yml
		docs\api\BetfairDotNet.Enums.Betting.PersistenceTypeEnum.yml = docs\api\BetfairDotNet.Enums.Betting.PersistenceTypeEnum.yml
		docs\api\BetfairDotNet.Enums.Betting.PriceDataEnum.yml = docs\api\BetfairDotNet.Enums.Betting.PriceDataEnum.yml
		docs\api\BetfairDotNet.Enums.Betting.PriceLadderTypeEnum.yml = docs\api\BetfairDotNet.Enums.Betting.PriceLadderTypeEnum.yml
		docs\api\BetfairDotNet.Enums.Betting.RollupModelEnum.yml = docs\api\BetfairDotNet.Enums.Betting.RollupModelEnum.yml
		docs\api\BetfairDotNet.Enums.Betting.RunnerStatusEnum.yml = docs\api\BetfairDotNet.Enums.Betting.RunnerStatusEnum.yml
		docs\api\BetfairDotNet.Enums.Betting.SideEnum.yml = docs\api\BetfairDotNet.Enums.Betting.SideEnum.yml
		docs\api\BetfairDotNet.Enums.Betting.SortDirEnum.yml = docs\api\BetfairDotNet.Enums.Betting.SortDirEnum.yml
		docs\api\BetfairDotNet.Enums.Betting.TimeGranularityEnum.yml = docs\api\BetfairDotNet.Enums.Betting.TimeGranularityEnum.yml
		docs\api\BetfairDotNet.Enums.Betting.TimeInForceEnum.yml = docs\api\BetfairDotNet.Enums.Betting.TimeInForceEnum.yml
		docs\api\BetfairDotNet.Enums.Betting.yml = docs\api\BetfairDotNet.Enums.Betting.yml
		docs\api\BetfairDotNet.Enums.Heartbeat.ActionPerformedEnum.yml = docs\api\BetfairDotNet.Enums.Heartbeat.ActionPerformedEnum.yml
		docs\api\BetfairDotNet.Enums.Heartbeat.yml = docs\api\BetfairDotNet.Enums.Heartbeat.yml
		docs\api\BetfairDotNet.Enums.Streaming.MarketPriceFilterEnum.yml = docs\api\BetfairDotNet.Enums.Streaming.MarketPriceFilterEnum.yml
		docs\api\BetfairDotNet.Enums.Streaming.yml = docs\api\BetfairDotNet.Enums.Streaming.yml
		docs\api\BetfairDotNet.Enums.yml = docs\api\BetfairDotNet.Enums.yml
		docs\api\BetfairDotNet.Handlers.StreamSubscriptionHandler.yml = docs\api\BetfairDotNet.Handlers.StreamSubscriptionHandler.yml
		docs\api\BetfairDotNet.Handlers.yml = docs\api\BetfairDotNet.Handlers.yml
		docs\api\BetfairDotNet.Interfaces.IBetfairClient.yml = docs\api\BetfairDotNet.Interfaces.IBetfairClient.yml
		docs\api\BetfairDotNet.Interfaces.yml = docs\api\BetfairDotNet.Interfaces.yml
		docs\api\BetfairDotNet.Models.Account.AccountDetailsResponse.yml = docs\api\BetfairDotNet.Models.Account.AccountDetailsResponse.yml
		docs\api\BetfairDotNet.Models.Account.AccountFundsResponse.yml = docs\api\BetfairDotNet.Models.Account.AccountFundsResponse.yml
		docs\api\BetfairDotNet.Models.Account.AccountStatementReport.yml = docs\api\BetfairDotNet.Models.Account.AccountStatementReport.yml
		docs\api\BetfairDotNet.Models.Account.CurrencyRate.yml = docs\api\BetfairDotNet.Models.Account.CurrencyRate.yml
		docs\api\BetfairDotNet.Models.Account.StatementItem.yml = docs\api\BetfairDotNet.Models.Account.StatementItem.yml
		docs\api\BetfairDotNet.Models.Account.yml = docs\api\BetfairDotNet.Models.Account.yml
		docs\api\BetfairDotNet.Models.BetfairServerRequest.yml = docs\api\BetfairDotNet.Models.BetfairServerRequest.yml
		docs\api\BetfairDotNet.Models.Betting.CancelExecutionReport.yml = docs\api\BetfairDotNet.Models.Betting.CancelExecutionReport.yml
		docs\api\BetfairDotNet.Models.Betting.CancelInstruction.yml = docs\api\BetfairDotNet.Models.Betting.CancelInstruction.yml
		docs\api\BetfairDotNet.Models.Betting.CancelInstructionReport.yml = docs\api\BetfairDotNet.Models.Betting.CancelInstructionReport.yml
		docs\api\BetfairDotNet.Models.Betting.ClearedOrderSummary.yml = docs\api\BetfairDotNet.Models.Betting.ClearedOrderSummary.yml
		docs\api\BetfairDotNet.Models.Betting.ClearedOrderSummaryReport.yml = docs\api\BetfairDotNet.Models.Betting.ClearedOrderSummaryReport.yml
		docs\api\BetfairDotNet.Models.Betting.Competition.yml = docs\api\BetfairDotNet.Models.Betting.Competition.yml
		docs\api\BetfairDotNet.Models.Betting.CompetitionResult.yml = docs\api\BetfairDotNet.Models.Betting.CompetitionResult.yml
		docs\api\BetfairDotNet.Models.Betting.CountryCodeResult.yml = docs\api\BetfairDotNet.Models.Betting.CountryCodeResult.yml
		docs\api\BetfairDotNet.Models.Betting.CurrentOrderSummary.yml = docs\api\BetfairDotNet.Models.Betting.CurrentOrderSummary.yml
		docs\api\BetfairDotNet.Models.Betting.CurrentOrderSummaryReport.yml = docs\api\BetfairDotNet.Models.Betting.CurrentOrderSummaryReport.yml
		docs\api\BetfairDotNet.Models.Betting.Event.yml = docs\api\BetfairDotNet.Models.Betting.Event.yml
		docs\api\BetfairDotNet.Models.Betting.EventResult.yml = docs\api\BetfairDotNet.Models.Betting.EventResult.yml
		docs\api\BetfairDotNet.Models.Betting.EventType.yml = docs\api\BetfairDotNet.Models.Betting.EventType.yml
		docs\api\BetfairDotNet.Models.Betting.EventTypeResult.yml = docs\api\BetfairDotNet.Models.Betting.EventTypeResult.yml
		docs\api\BetfairDotNet.Models.Betting.ExBestOffersOverrides.yml = docs\api\BetfairDotNet.Models.Betting.ExBestOffersOverrides.yml
		docs\api\BetfairDotNet.Models.Betting.ExchangePrices.yml = docs\api\BetfairDotNet.Models.Betting.ExchangePrices.yml
		docs\api\BetfairDotNet.Models.Betting.ItemDescription.yml = docs\api\BetfairDotNet.Models.Betting.ItemDescription.yml
		docs\api\BetfairDotNet.Models.Betting.KeyLineDescription.yml = docs\api\BetfairDotNet.Models.Betting.KeyLineDescription.yml
		docs\api\BetfairDotNet.Models.Betting.KeyLineSelection.yml = docs\api\BetfairDotNet.Models.Betting.KeyLineSelection.yml
		docs\api\BetfairDotNet.Models.Betting.LimitOnCloseOrder.yml = docs\api\BetfairDotNet.Models.Betting.LimitOnCloseOrder.yml
		docs\api\BetfairDotNet.Models.Betting.LimitOrder.yml = docs\api\BetfairDotNet.Models.Betting.LimitOrder.yml
		docs\api\BetfairDotNet.Models.Betting.MarketBook.yml = docs\api\BetfairDotNet.Models.Betting.MarketBook.yml
		docs\api\BetfairDotNet.Models.Betting.MarketCatalogue.yml = docs\api\BetfairDotNet.Models.Betting.MarketCatalogue.yml
		docs\api\BetfairDotNet.Models.Betting.MarketDescription.yml = docs\api\BetfairDotNet.Models.Betting.MarketDescription.yml
		docs\api\BetfairDotNet.Models.Betting.MarketFilter.yml = docs\api\BetfairDotNet.Models.Betting.MarketFilter.yml
		docs\api\BetfairDotNet.Models.Betting.MarketLineRangeInfo.yml = docs\api\BetfairDotNet.Models.Betting.MarketLineRangeInfo.yml
		docs\api\BetfairDotNet.Models.Betting.MarketOnCloseOrder.yml = docs\api\BetfairDotNet.Models.Betting.MarketOnCloseOrder.yml
		docs\api\BetfairDotNet.Models.Betting.MarketProfitAndLoss.yml = docs\api\BetfairDotNet.Models.Betting.MarketProfitAndLoss.yml
		docs\api\BetfairDotNet.Models.Betting.MarketRates.yml = docs\api\BetfairDotNet.Models.Betting.MarketRates.yml
		docs\api\BetfairDotNet.Models.Betting.MarketTypeResult.yml = docs\api\BetfairDotNet.Models.Betting.MarketTypeResult.yml
		docs\api\BetfairDotNet.Models.Betting.MarketVersion.yml = docs\api\BetfairDotNet.Models.Betting.MarketVersion.yml
		docs\api\BetfairDotNet.Models.Betting.Match.yml = docs\api\BetfairDotNet.Models.Betting.Match.yml
		docs\api\BetfairDotNet.Models.Betting.Order.yml = docs\api\BetfairDotNet.Models.Betting.Order.yml
		docs\api\BetfairDotNet.Models.Betting.PlaceExecutionReport.yml = docs\api\BetfairDotNet.Models.Betting.PlaceExecutionReport.yml
		docs\api\BetfairDotNet.Models.Betting.PlaceInstruction.yml = docs\api\BetfairDotNet.Models.Betting.PlaceInstruction.yml
		docs\api\BetfairDotNet.Models.Betting.PlaceInstructionReport.yml = docs\api\BetfairDotNet.Models.Betting.PlaceInstructionReport.yml
		docs\api\BetfairDotNet.Models.Betting.PriceLadderDescription.yml = docs\api\BetfairDotNet.Models.Betting.PriceLadderDescription.yml
		docs\api\BetfairDotNet.Models.Betting.PriceProjection.yml = docs\api\BetfairDotNet.Models.Betting.PriceProjection.yml
		docs\api\BetfairDotNet.Models.Betting.PriceSize.yml = docs\api\BetfairDotNet.Models.Betting.PriceSize.yml
		docs\api\BetfairDotNet.Models.Betting.ReplaceExecutionReport.yml = docs\api\BetfairDotNet.Models.Betting.ReplaceExecutionReport.yml
		docs\api\BetfairDotNet.Models.Betting.ReplaceInstruction.yml = docs\api\BetfairDotNet.Models.Betting.ReplaceInstruction.yml
		docs\api\BetfairDotNet.Models.Betting.ReplaceInstructionReport.yml = docs\api\BetfairDotNet.Models.Betting.ReplaceInstructionReport.yml
		docs\api\BetfairDotNet.Models.Betting.RunnerBook.yml = docs\api\BetfairDotNet.Models.Betting.RunnerBook.yml
		docs\api\BetfairDotNet.Models.Betting.RunnerCatalog.yml = docs\api\BetfairDotNet.Models.Betting.RunnerCatalog.yml
		docs\api\BetfairDotNet.Models.Betting.RunnerId.yml = docs\api\BetfairDotNet.Models.Betting.RunnerId.yml
		docs\api\BetfairDotNet.Models.Betting.RunnerProfitAndLoss.yml = docs\api\BetfairDotNet.Models.Betting.RunnerProfitAndLoss.yml
		docs\api\BetfairDotNet.Models.Betting.StartingPrices.yml = docs\api\BetfairDotNet.Models.Betting.StartingPrices.yml
		docs\api\BetfairDotNet.Models.Betting.TimeRange.yml = docs\api\BetfairDotNet.Models.Betting.TimeRange.yml
		docs\api\BetfairDotNet.Models.Betting.TimeRangeResult.yml = docs\api\BetfairDotNet.Models.Betting.TimeRangeResult.yml
		docs\api\BetfairDotNet.Models.Betting.UpdateExecutionReport.yml = docs\api\BetfairDotNet.Models.Betting.UpdateExecutionReport.yml
		docs\api\BetfairDotNet.Models.Betting.UpdateInstruction.yml = docs\api\BetfairDotNet.Models.Betting.UpdateInstruction.yml
		docs\api\BetfairDotNet.Models.Betting.UpdateInstructionReport.yml = docs\api\BetfairDotNet.Models.Betting.UpdateInstructionReport.yml
		docs\api\BetfairDotNet.Models.Betting.VenueResult.yml = docs\api\BetfairDotNet.Models.Betting.VenueResult.yml
		docs\api\BetfairDotNet.Models.Betting.yml = docs\api\BetfairDotNet.Models.Betting.yml
		docs\api\BetfairDotNet.Models.Exceptions.BetfairESAException.yml = docs\api\BetfairDotNet.Models.Exceptions.BetfairESAException.yml
		docs\api\BetfairDotNet.Models.Exceptions.BetfairNGException.yml = docs\api\BetfairDotNet.Models.Exceptions.BetfairNGException.yml
		docs\api\BetfairDotNet.Models.Exceptions.BetfairServerException.yml = docs\api\BetfairDotNet.Models.Exceptions.BetfairServerException.yml
		docs\api\BetfairDotNet.Models.Exceptions.BetfairServerExceptionData.yml = docs\api\BetfairDotNet.Models.Exceptions.BetfairServerExceptionData.yml
		docs\api\BetfairDotNet.Models.Exceptions.BetfairServerExceptionDetails.yml = docs\api\BetfairDotNet.Models.Exceptions.BetfairServerExceptionDetails.yml
		docs\api\BetfairDotNet.Models.Exceptions.yml = docs\api\BetfairDotNet.Models.Exceptions.yml
		docs\api\BetfairDotNet.Models.Heartbeat.HeartbeatReport.yml = docs\api\BetfairDotNet.Models.Heartbeat.HeartbeatReport.yml
		docs\api\BetfairDotNet.Models.Heartbeat.KeepAliveResponse.yml = docs\api\BetfairDotNet.Models.Heartbeat.KeepAliveResponse.yml
		docs\api\BetfairDotNet.Models.Heartbeat.yml = docs\api\BetfairDotNet.Models.Heartbeat.yml
		docs\api\BetfairDotNet.Models.Login.CertificateLoginResponse.yml = docs\api\BetfairDotNet.Models.Login.CertificateLoginResponse.yml
		docs\api\BetfairDotNet.Models.Login.InteractiveLoginResponse.yml = docs\api\BetfairDotNet.Models.Login.InteractiveLoginResponse.yml
		docs\api\BetfairDotNet.Models.Login.yml = docs\api\BetfairDotNet.Models.Login.yml
		docs\api\BetfairDotNet.Models.Navigation.NavigationEvent.yml = docs\api\BetfairDotNet.Models.Navigation.NavigationEvent.yml
		docs\api\BetfairDotNet.Models.Navigation.NavigationEventType.yml = docs\api\BetfairDotNet.Models.Navigation.NavigationEventType.yml
		docs\api\BetfairDotNet.Models.Navigation.NavigationGroup.yml = docs\api\BetfairDotNet.Models.Navigation.NavigationGroup.yml
		docs\api\BetfairDotNet.Models.Navigation.NavigationItem.yml = docs\api\BetfairDotNet.Models.Navigation.NavigationItem.yml
		docs\api\BetfairDotNet.Models.Navigation.NavigationMarket.yml = docs\api\BetfairDotNet.Models.Navigation.NavigationMarket.yml
		docs\api\BetfairDotNet.Models.Navigation.NavigationRace.yml = docs\api\BetfairDotNet.Models.Navigation.NavigationRace.yml
		docs\api\BetfairDotNet.Models.Navigation.NavigationRoot.yml = docs\api\BetfairDotNet.Models.Navigation.NavigationRoot.yml
		docs\api\BetfairDotNet.Models.Navigation.yml = docs\api\BetfairDotNet.Models.Navigation.yml
		docs\api\BetfairDotNet.Models.Streaming.AuthenticationMessage.yml = docs\api\BetfairDotNet.Models.Streaming.AuthenticationMessage.yml
		docs\api\BetfairDotNet.Models.Streaming.BaseMessage.yml = docs\api\BetfairDotNet.Models.Streaming.BaseMessage.yml
		docs\api\BetfairDotNet.Models.Streaming.ESAOrder.yml = docs\api\BetfairDotNet.Models.Streaming.ESAOrder.yml
		docs\api\BetfairDotNet.Models.Streaming.MarketDefinition.yml = docs\api\BetfairDotNet.Models.Streaming.MarketDefinition.yml
		docs\api\BetfairDotNet.Models.Streaming.MarketSnapshot.yml = docs\api\BetfairDotNet.Models.Streaming.MarketSnapshot.yml
		docs\api\BetfairDotNet.Models.Streaming.MarketSubscription.yml = docs\api\BetfairDotNet.Models.Streaming.MarketSubscription.yml
		docs\api\BetfairDotNet.Models.Streaming.OrderFilter.yml = docs\api\BetfairDotNet.Models.Streaming.OrderFilter.yml
		docs\api\BetfairDotNet.Models.Streaming.OrderMarketSnapshot.yml = docs\api\BetfairDotNet.Models.Streaming.OrderMarketSnapshot.yml
		docs\api\BetfairDotNet.Models.Streaming.OrderRunnerSnapshot.yml = docs\api\BetfairDotNet.Models.Streaming.OrderRunnerSnapshot.yml
		docs\api\BetfairDotNet.Models.Streaming.OrderSubscription.yml = docs\api\BetfairDotNet.Models.Streaming.OrderSubscription.yml
		docs\api\BetfairDotNet.Models.Streaming.PriceLadder.yml = docs\api\BetfairDotNet.Models.Streaming.PriceLadder.yml
		docs\api\BetfairDotNet.Models.Streaming.RunnerDefinition.yml = docs\api\BetfairDotNet.Models.Streaming.RunnerDefinition.yml
		docs\api\BetfairDotNet.Models.Streaming.RunnerSnapshot.yml = docs\api\BetfairDotNet.Models.Streaming.RunnerSnapshot.yml
		docs\api\BetfairDotNet.Models.Streaming.StreamConfiguration.yml = docs\api\BetfairDotNet.Models.Streaming.StreamConfiguration.yml
		docs\api\BetfairDotNet.Models.Streaming.StreamingMarketDataFilter.yml = docs\api\BetfairDotNet.Models.Streaming.StreamingMarketDataFilter.yml
		docs\api\BetfairDotNet.Models.Streaming.StreamingMarketFilter.yml = docs\api\BetfairDotNet.Models.Streaming.StreamingMarketFilter.yml
		docs\api\BetfairDotNet.Models.Streaming.yml = docs\api\BetfairDotNet.Models.Streaming.yml
		docs\api\BetfairDotNet.Models.yml = docs\api\BetfairDotNet.Models.yml
		docs\api\BetfairDotNet.Services.AccountService.yml = docs\api\BetfairDotNet.Services.AccountService.yml
		docs\api\BetfairDotNet.Services.BettingService.yml = docs\api\BetfairDotNet.Services.BettingService.yml
		docs\api\BetfairDotNet.Services.HeartbeatService.yml = docs\api\BetfairDotNet.Services.HeartbeatService.yml
		docs\api\BetfairDotNet.Services.LoginService.yml = docs\api\BetfairDotNet.Services.LoginService.yml
		docs\api\BetfairDotNet.Services.NavigationService.yml = docs\api\BetfairDotNet.Services.NavigationService.yml
		docs\api\BetfairDotNet.Services.StreamingService.yml = docs\api\BetfairDotNet.Services.StreamingService.yml
		docs\api\BetfairDotNet.Services.yml = docs\api\BetfairDotNet.Services.yml
		docs\api\BetfairDotNet.Utils.PriceHelpers.yml = docs\api\BetfairDotNet.Utils.PriceHelpers.yml
		docs\api\BetfairDotNet.Utils.yml = docs\api\BetfairDotNet.Utils.yml
		docs\api\BetfairDotNet.yml = docs\api\BetfairDotNet.yml
		docs\api\index.md = docs\api\index.md
		docs\api\toc.yml = docs\api\toc.yml
	EndProjectSection
EndProject
Project("{2150E333-8FDC-42A3-9474-1A3956D46DE8}") = "api", "api", "{F237A012-CC0C-4F5B-A866-A045163D894C}"
	ProjectSection(SolutionItems) = preProject
		docs\_site\api\BetfairDotNet.BetfairClient.html = docs\_site\api\BetfairDotNet.BetfairClient.html
		docs\_site\api\BetfairDotNet.Enums.Account.html = docs\_site\api\BetfairDotNet.Enums.Account.html
		docs\_site\api\BetfairDotNet.Enums.Account.IncludeItemEnum.html = docs\_site\api\BetfairDotNet.Enums.Account.IncludeItemEnum.html
		docs\_site\api\BetfairDotNet.Enums.Account.ItemClassEnum.html = docs\_site\api\BetfairDotNet.Enums.Account.ItemClassEnum.html
		docs\_site\api\BetfairDotNet.Enums.Account.LoginStatusEnum.html = docs\_site\api\BetfairDotNet.Enums.Account.LoginStatusEnum.html
		docs\_site\api\BetfairDotNet.Enums.Account.WalletEnum.html = docs\_site\api\BetfairDotNet.Enums.Account.WalletEnum.html
		docs\_site\api\BetfairDotNet.Enums.Betting.BetStatusEnum.html = docs\_site\api\BetfairDotNet.Enums.Betting.BetStatusEnum.html
		docs\_site\api\BetfairDotNet.Enums.Betting.BetTargetTypeEnum.html = docs\_site\api\BetfairDotNet.Enums.Betting.BetTargetTypeEnum.html
		docs\_site\api\BetfairDotNet.Enums.Betting.BetTypeEnum.html = docs\_site\api\BetfairDotNet.Enums.Betting.BetTypeEnum.html
		docs\_site\api\BetfairDotNet.Enums.Betting.ExecutionReportErrorCodeEnum.html = docs\_site\api\BetfairDotNet.Enums.Betting.ExecutionReportErrorCodeEnum.html
		docs\_site\api\BetfairDotNet.Enums.Betting.ExecutionReportStatusEnum.html = docs\_site\api\BetfairDotNet.Enums.Betting.ExecutionReportStatusEnum.html
		docs\_site\api\BetfairDotNet.Enums.Betting.GroupByEnum.html = docs\_site\api\BetfairDotNet.Enums.Betting.GroupByEnum.html
		docs\_site\api\BetfairDotNet.Enums.Betting.html = docs\_site\api\BetfairDotNet.Enums.Betting.html
		docs\_site\api\BetfairDotNet.Enums.Betting.InstructionReportErrorCodeEnum.html = docs\_site\api\BetfairDotNet.Enums.Betting.InstructionReportErrorCodeEnum.html
		docs\_site\api\BetfairDotNet.Enums.Betting.InstructionReportStatusEnum.html = docs\_site\api\BetfairDotNet.Enums.Betting.InstructionReportStatusEnum.html
		docs\_site\api\BetfairDotNet.Enums.Betting.MarketBettingTypeEnum.html = docs\_site\api\BetfairDotNet.Enums.Betting.MarketBettingTypeEnum.html
		docs\_site\api\BetfairDotNet.Enums.Betting.MarketProjectionEnum.html = docs\_site\api\BetfairDotNet.Enums.Betting.MarketProjectionEnum.html
		docs\_site\api\BetfairDotNet.Enums.Betting.MarketSortEnum.html = docs\_site\api\BetfairDotNet.Enums.Betting.MarketSortEnum.html
		docs\_site\api\BetfairDotNet.Enums.Betting.MarketStatusEnum.html = docs\_site\api\BetfairDotNet.Enums.Betting.MarketStatusEnum.html
		docs\_site\api\BetfairDotNet.Enums.Betting.MatchProjectionEnum.html = docs\_site\api\BetfairDotNet.Enums.Betting.MatchProjectionEnum.html
		docs\_site\api\BetfairDotNet.Enums.Betting.OrderByEnum.html = docs\_site\api\BetfairDotNet.Enums.Betting.OrderByEnum.html
		docs\_site\api\BetfairDotNet.Enums.Betting.OrderProjectionEnum.html = docs\_site\api\BetfairDotNet.Enums.Betting.OrderProjectionEnum.html
		docs\_site\api\BetfairDotNet.Enums.Betting.OrderStatusEnum.html = docs\_site\api\BetfairDotNet.Enums.Betting.OrderStatusEnum.html
		docs\_site\api\BetfairDotNet.Enums.Betting.OrderTypeEnum.html = docs\_site\api\BetfairDotNet.Enums.Betting.OrderTypeEnum.html
		docs\_site\api\BetfairDotNet.Enums.Betting.PersistenceTypeEnum.html = docs\_site\api\BetfairDotNet.Enums.Betting.PersistenceTypeEnum.html
		docs\_site\api\BetfairDotNet.Enums.Betting.PriceDataEnum.html = docs\_site\api\BetfairDotNet.Enums.Betting.PriceDataEnum.html
		docs\_site\api\BetfairDotNet.Enums.Betting.PriceLadderTypeEnum.html = docs\_site\api\BetfairDotNet.Enums.Betting.PriceLadderTypeEnum.html
		docs\_site\api\BetfairDotNet.Enums.Betting.RollupModelEnum.html = docs\_site\api\BetfairDotNet.Enums.Betting.RollupModelEnum.html
		docs\_site\api\BetfairDotNet.Enums.Betting.RunnerStatusEnum.html = docs\_site\api\BetfairDotNet.Enums.Betting.RunnerStatusEnum.html
		docs\_site\api\BetfairDotNet.Enums.Betting.SideEnum.html = docs\_site\api\BetfairDotNet.Enums.Betting.SideEnum.html
		docs\_site\api\BetfairDotNet.Enums.Betting.SortDirEnum.html = docs\_site\api\BetfairDotNet.Enums.Betting.SortDirEnum.html
		docs\_site\api\BetfairDotNet.Enums.Betting.TimeGranularityEnum.html = docs\_site\api\BetfairDotNet.Enums.Betting.TimeGranularityEnum.html
		docs\_site\api\BetfairDotNet.Enums.Betting.TimeInForceEnum.html = docs\_site\api\BetfairDotNet.Enums.Betting.TimeInForceEnum.html
		docs\_site\api\BetfairDotNet.Enums.Heartbeat.ActionPerformedEnum.html = docs\_site\api\BetfairDotNet.Enums.Heartbeat.ActionPerformedEnum.html
		docs\_site\api\BetfairDotNet.Enums.Heartbeat.html = docs\_site\api\BetfairDotNet.Enums.Heartbeat.html
		docs\_site\api\BetfairDotNet.Enums.html = docs\_site\api\BetfairDotNet.Enums.html
		docs\_site\api\BetfairDotNet.Enums.Streaming.html = docs\_site\api\BetfairDotNet.Enums.Streaming.html
		docs\_site\api\BetfairDotNet.Enums.Streaming.MarketPriceFilterEnum.html = docs\_site\api\BetfairDotNet.Enums.Streaming.MarketPriceFilterEnum.html
		docs\_site\api\BetfairDotNet.Handlers.html = docs\_site\api\BetfairDotNet.Handlers.html
		docs\_site\api\BetfairDotNet.Handlers.StreamSubscriptionHandler.html = docs\_site\api\BetfairDotNet.Handlers.StreamSubscriptionHandler.html
		docs\_site\api\BetfairDotNet.html = docs\_site\api\BetfairDotNet.html
		docs\_site\api\BetfairDotNet.Interfaces.html = docs\_site\api\BetfairDotNet.Interfaces.html
		docs\_site\api\BetfairDotNet.Interfaces.IBetfairClient.html = docs\_site\api\BetfairDotNet.Interfaces.IBetfairClient.html
		docs\_site\api\BetfairDotNet.Models.Account.AccountDetailsResponse.html = docs\_site\api\BetfairDotNet.Models.Account.AccountDetailsResponse.html
		docs\_site\api\BetfairDotNet.Models.Account.AccountFundsResponse.html = docs\_site\api\BetfairDotNet.Models.Account.AccountFundsResponse.html
		docs\_site\api\BetfairDotNet.Models.Account.AccountStatementReport.html = docs\_site\api\BetfairDotNet.Models.Account.AccountStatementReport.html
		docs\_site\api\BetfairDotNet.Models.Account.CurrencyRate.html = docs\_site\api\BetfairDotNet.Models.Account.CurrencyRate.html
		docs\_site\api\BetfairDotNet.Models.Account.html = docs\_site\api\BetfairDotNet.Models.Account.html
		docs\_site\api\BetfairDotNet.Models.Account.StatementItem.html = docs\_site\api\BetfairDotNet.Models.Account.StatementItem.html
		docs\_site\api\BetfairDotNet.Models.BetfairServerRequest.html = docs\_site\api\BetfairDotNet.Models.BetfairServerRequest.html
		docs\_site\api\BetfairDotNet.Models.Betting.CancelExecutionReport.html = docs\_site\api\BetfairDotNet.Models.Betting.CancelExecutionReport.html
		docs\_site\api\BetfairDotNet.Models.Betting.CancelInstruction.html = docs\_site\api\BetfairDotNet.Models.Betting.CancelInstruction.html
		docs\_site\api\BetfairDotNet.Models.Betting.CancelInstructionReport.html = docs\_site\api\BetfairDotNet.Models.Betting.CancelInstructionReport.html
		docs\_site\api\BetfairDotNet.Models.Betting.ClearedOrderSummary.html = docs\_site\api\BetfairDotNet.Models.Betting.ClearedOrderSummary.html
		docs\_site\api\BetfairDotNet.Models.Betting.ClearedOrderSummaryReport.html = docs\_site\api\BetfairDotNet.Models.Betting.ClearedOrderSummaryReport.html
		docs\_site\api\BetfairDotNet.Models.Betting.Competition.html = docs\_site\api\BetfairDotNet.Models.Betting.Competition.html
		docs\_site\api\BetfairDotNet.Models.Betting.CompetitionResult.html = docs\_site\api\BetfairDotNet.Models.Betting.CompetitionResult.html
		docs\_site\api\BetfairDotNet.Models.Betting.CountryCodeResult.html = docs\_site\api\BetfairDotNet.Models.Betting.CountryCodeResult.html
		docs\_site\api\BetfairDotNet.Models.Betting.CurrentOrderSummary.html = docs\_site\api\BetfairDotNet.Models.Betting.CurrentOrderSummary.html
		docs\_site\api\BetfairDotNet.Models.Betting.CurrentOrderSummaryReport.html = docs\_site\api\BetfairDotNet.Models.Betting.CurrentOrderSummaryReport.html
		docs\_site\api\BetfairDotNet.Models.Betting.Event.html = docs\_site\api\BetfairDotNet.Models.Betting.Event.html
		docs\_site\api\BetfairDotNet.Models.Betting.EventResult.html = docs\_site\api\BetfairDotNet.Models.Betting.EventResult.html
		docs\_site\api\BetfairDotNet.Models.Betting.EventType.html = docs\_site\api\BetfairDotNet.Models.Betting.EventType.html
		docs\_site\api\BetfairDotNet.Models.Betting.EventTypeResult.html = docs\_site\api\BetfairDotNet.Models.Betting.EventTypeResult.html
		docs\_site\api\BetfairDotNet.Models.Betting.ExBestOffersOverrides.html = docs\_site\api\BetfairDotNet.Models.Betting.ExBestOffersOverrides.html
		docs\_site\api\BetfairDotNet.Models.Betting.ExchangePrices.html = docs\_site\api\BetfairDotNet.Models.Betting.ExchangePrices.html
		docs\_site\api\BetfairDotNet.Models.Betting.html = docs\_site\api\BetfairDotNet.Models.Betting.html
		docs\_site\api\BetfairDotNet.Models.Betting.ItemDescription.html = docs\_site\api\BetfairDotNet.Models.Betting.ItemDescription.html
		docs\_site\api\BetfairDotNet.Models.Betting.KeyLineDescription.html = docs\_site\api\BetfairDotNet.Models.Betting.KeyLineDescription.html
		docs\_site\api\BetfairDotNet.Models.Betting.KeyLineSelection.html = docs\_site\api\BetfairDotNet.Models.Betting.KeyLineSelection.html
		docs\_site\api\BetfairDotNet.Models.Betting.LimitOnCloseOrder.html = docs\_site\api\BetfairDotNet.Models.Betting.LimitOnCloseOrder.html
		docs\_site\api\BetfairDotNet.Models.Betting.LimitOrder.html = docs\_site\api\BetfairDotNet.Models.Betting.LimitOrder.html
		docs\_site\api\BetfairDotNet.Models.Betting.MarketBook.html = docs\_site\api\BetfairDotNet.Models.Betting.MarketBook.html
		docs\_site\api\BetfairDotNet.Models.Betting.MarketCatalogue.html = docs\_site\api\BetfairDotNet.Models.Betting.MarketCatalogue.html
		docs\_site\api\BetfairDotNet.Models.Betting.MarketDescription.html = docs\_site\api\BetfairDotNet.Models.Betting.MarketDescription.html
		docs\_site\api\BetfairDotNet.Models.Betting.MarketFilter.html = docs\_site\api\BetfairDotNet.Models.Betting.MarketFilter.html
		docs\_site\api\BetfairDotNet.Models.Betting.MarketLineRangeInfo.html = docs\_site\api\BetfairDotNet.Models.Betting.MarketLineRangeInfo.html
		docs\_site\api\BetfairDotNet.Models.Betting.MarketOnCloseOrder.html = docs\_site\api\BetfairDotNet.Models.Betting.MarketOnCloseOrder.html
		docs\_site\api\BetfairDotNet.Models.Betting.MarketProfitAndLoss.html = docs\_site\api\BetfairDotNet.Models.Betting.MarketProfitAndLoss.html
		docs\_site\api\BetfairDotNet.Models.Betting.MarketRates.html = docs\_site\api\BetfairDotNet.Models.Betting.MarketRates.html
		docs\_site\api\BetfairDotNet.Models.Betting.MarketTypeResult.html = docs\_site\api\BetfairDotNet.Models.Betting.MarketTypeResult.html
		docs\_site\api\BetfairDotNet.Models.Betting.MarketVersion.html = docs\_site\api\BetfairDotNet.Models.Betting.MarketVersion.html
		docs\_site\api\BetfairDotNet.Models.Betting.Match.html = docs\_site\api\BetfairDotNet.Models.Betting.Match.html
		docs\_site\api\BetfairDotNet.Models.Betting.Order.html = docs\_site\api\BetfairDotNet.Models.Betting.Order.html
		docs\_site\api\BetfairDotNet.Models.Betting.PlaceExecutionReport.html = docs\_site\api\BetfairDotNet.Models.Betting.PlaceExecutionReport.html
		docs\_site\api\BetfairDotNet.Models.Betting.PlaceInstruction.html = docs\_site\api\BetfairDotNet.Models.Betting.PlaceInstruction.html
		docs\_site\api\BetfairDotNet.Models.Betting.PlaceInstructionReport.html = docs\_site\api\BetfairDotNet.Models.Betting.PlaceInstructionReport.html
		docs\_site\api\BetfairDotNet.Models.Betting.PriceLadderDescription.html = docs\_site\api\BetfairDotNet.Models.Betting.PriceLadderDescription.html
		docs\_site\api\BetfairDotNet.Models.Betting.PriceProjection.html = docs\_site\api\BetfairDotNet.Models.Betting.PriceProjection.html
		docs\_site\api\BetfairDotNet.Models.Betting.PriceSize.html = docs\_site\api\BetfairDotNet.Models.Betting.PriceSize.html
		docs\_site\api\BetfairDotNet.Models.Betting.ReplaceExecutionReport.html = docs\_site\api\BetfairDotNet.Models.Betting.ReplaceExecutionReport.html
		docs\_site\api\BetfairDotNet.Models.Betting.ReplaceInstruction.html = docs\_site\api\BetfairDotNet.Models.Betting.ReplaceInstruction.html
		docs\_site\api\BetfairDotNet.Models.Betting.ReplaceInstructionReport.html = docs\_site\api\BetfairDotNet.Models.Betting.ReplaceInstructionReport.html
		docs\_site\api\BetfairDotNet.Models.Betting.RunnerBook.html = docs\_site\api\BetfairDotNet.Models.Betting.RunnerBook.html
		docs\_site\api\BetfairDotNet.Models.Betting.RunnerCatalog.html = docs\_site\api\BetfairDotNet.Models.Betting.RunnerCatalog.html
		docs\_site\api\BetfairDotNet.Models.Betting.RunnerId.html = docs\_site\api\BetfairDotNet.Models.Betting.RunnerId.html
		docs\_site\api\BetfairDotNet.Models.Betting.RunnerProfitAndLoss.html = docs\_site\api\BetfairDotNet.Models.Betting.RunnerProfitAndLoss.html
		docs\_site\api\BetfairDotNet.Models.Betting.StartingPrices.html = docs\_site\api\BetfairDotNet.Models.Betting.StartingPrices.html
		docs\_site\api\BetfairDotNet.Models.Betting.TimeRange.html = docs\_site\api\BetfairDotNet.Models.Betting.TimeRange.html
		docs\_site\api\BetfairDotNet.Models.Betting.TimeRangeResult.html = docs\_site\api\BetfairDotNet.Models.Betting.TimeRangeResult.html
		docs\_site\api\BetfairDotNet.Models.Betting.UpdateExecutionReport.html = docs\_site\api\BetfairDotNet.Models.Betting.UpdateExecutionReport.html
		docs\_site\api\BetfairDotNet.Models.Betting.UpdateInstruction.html = docs\_site\api\BetfairDotNet.Models.Betting.UpdateInstruction.html
		docs\_site\api\BetfairDotNet.Models.Betting.UpdateInstructionReport.html = docs\_site\api\BetfairDotNet.Models.Betting.UpdateInstructionReport.html
		docs\_site\api\BetfairDotNet.Models.Betting.VenueResult.html = docs\_site\api\BetfairDotNet.Models.Betting.VenueResult.html
		docs\_site\api\BetfairDotNet.Models.Exceptions.BetfairESAException.html = docs\_site\api\BetfairDotNet.Models.Exceptions.BetfairESAException.html
		docs\_site\api\BetfairDotNet.Models.Exceptions.BetfairNGException.html = docs\_site\api\BetfairDotNet.Models.Exceptions.BetfairNGException.html
		docs\_site\api\BetfairDotNet.Models.Exceptions.BetfairServerException.html = docs\_site\api\BetfairDotNet.Models.Exceptions.BetfairServerException.html
		docs\_site\api\BetfairDotNet.Models.Exceptions.BetfairServerExceptionData.html = docs\_site\api\BetfairDotNet.Models.Exceptions.BetfairServerExceptionData.html
		docs\_site\api\BetfairDotNet.Models.Exceptions.BetfairServerExceptionDetails.html = docs\_site\api\BetfairDotNet.Models.Exceptions.BetfairServerExceptionDetails.html
		docs\_site\api\BetfairDotNet.Models.Exceptions.html = docs\_site\api\BetfairDotNet.Models.Exceptions.html
		docs\_site\api\BetfairDotNet.Models.Heartbeat.HeartbeatReport.html = docs\_site\api\BetfairDotNet.Models.Heartbeat.HeartbeatReport.html
		docs\_site\api\BetfairDotNet.Models.Heartbeat.html = docs\_site\api\BetfairDotNet.Models.Heartbeat.html
		docs\_site\api\BetfairDotNet.Models.Heartbeat.KeepAliveResponse.html = docs\_site\api\BetfairDotNet.Models.Heartbeat.KeepAliveResponse.html
		docs\_site\api\BetfairDotNet.Models.html = docs\_site\api\BetfairDotNet.Models.html
		docs\_site\api\BetfairDotNet.Models.Login.CertificateLoginResponse.html = docs\_site\api\BetfairDotNet.Models.Login.CertificateLoginResponse.html
		docs\_site\api\BetfairDotNet.Models.Login.html = docs\_site\api\BetfairDotNet.Models.Login.html
		docs\_site\api\BetfairDotNet.Models.Login.InteractiveLoginResponse.html = docs\_site\api\BetfairDotNet.Models.Login.InteractiveLoginResponse.html
		docs\_site\api\BetfairDotNet.Models.Navigation.html = docs\_site\api\BetfairDotNet.Models.Navigation.html
		docs\_site\api\BetfairDotNet.Models.Navigation.NavigationEvent.html = docs\_site\api\BetfairDotNet.Models.Navigation.NavigationEvent.html
		docs\_site\api\BetfairDotNet.Models.Navigation.NavigationEventType.html = docs\_site\api\BetfairDotNet.Models.Navigation.NavigationEventType.html
		docs\_site\api\BetfairDotNet.Models.Navigation.NavigationGroup.html = docs\_site\api\BetfairDotNet.Models.Navigation.NavigationGroup.html
		docs\_site\api\BetfairDotNet.Models.Navigation.NavigationItem.html = docs\_site\api\BetfairDotNet.Models.Navigation.NavigationItem.html
		docs\_site\api\BetfairDotNet.Models.Navigation.NavigationMarket.html = docs\_site\api\BetfairDotNet.Models.Navigation.NavigationMarket.html
		docs\_site\api\BetfairDotNet.Models.Navigation.NavigationRace.html = docs\_site\api\BetfairDotNet.Models.Navigation.NavigationRace.html
		docs\_site\api\BetfairDotNet.Models.Navigation.NavigationRoot.html = docs\_site\api\BetfairDotNet.Models.Navigation.NavigationRoot.html
		docs\_site\api\BetfairDotNet.Models.Streaming.AuthenticationMessage.html = docs\_site\api\BetfairDotNet.Models.Streaming.AuthenticationMessage.html
		docs\_site\api\BetfairDotNet.Models.Streaming.BaseMessage.html = docs\_site\api\BetfairDotNet.Models.Streaming.BaseMessage.html
		docs\_site\api\BetfairDotNet.Models.Streaming.ESAOrder.html = docs\_site\api\BetfairDotNet.Models.Streaming.ESAOrder.html
		docs\_site\api\BetfairDotNet.Models.Streaming.html = docs\_site\api\BetfairDotNet.Models.Streaming.html
		docs\_site\api\BetfairDotNet.Models.Streaming.MarketDefinition.html = docs\_site\api\BetfairDotNet.Models.Streaming.MarketDefinition.html
		docs\_site\api\BetfairDotNet.Models.Streaming.MarketSnapshot.html = docs\_site\api\BetfairDotNet.Models.Streaming.MarketSnapshot.html
		docs\_site\api\BetfairDotNet.Models.Streaming.MarketSubscription.html = docs\_site\api\BetfairDotNet.Models.Streaming.MarketSubscription.html
		docs\_site\api\BetfairDotNet.Models.Streaming.OrderFilter.html = docs\_site\api\BetfairDotNet.Models.Streaming.OrderFilter.html
		docs\_site\api\BetfairDotNet.Models.Streaming.OrderMarketSnapshot.html = docs\_site\api\BetfairDotNet.Models.Streaming.OrderMarketSnapshot.html
		docs\_site\api\BetfairDotNet.Models.Streaming.OrderRunnerSnapshot.html = docs\_site\api\BetfairDotNet.Models.Streaming.OrderRunnerSnapshot.html
		docs\_site\api\BetfairDotNet.Models.Streaming.OrderSubscription.html = docs\_site\api\BetfairDotNet.Models.Streaming.OrderSubscription.html
		docs\_site\api\BetfairDotNet.Models.Streaming.PriceLadder.html = docs\_site\api\BetfairDotNet.Models.Streaming.PriceLadder.html
		docs\_site\api\BetfairDotNet.Models.Streaming.RunnerDefinition.html = docs\_site\api\BetfairDotNet.Models.Streaming.RunnerDefinition.html
		docs\_site\api\BetfairDotNet.Models.Streaming.RunnerSnapshot.html = docs\_site\api\BetfairDotNet.Models.Streaming.RunnerSnapshot.html
		docs\_site\api\BetfairDotNet.Models.Streaming.StreamConfiguration.html = docs\_site\api\BetfairDotNet.Models.Streaming.StreamConfiguration.html
		docs\_site\api\BetfairDotNet.Models.Streaming.StreamingMarketDataFilter.html = docs\_site\api\BetfairDotNet.Models.Streaming.StreamingMarketDataFilter.html
		docs\_site\api\BetfairDotNet.Models.Streaming.StreamingMarketFilter.html = docs\_site\api\BetfairDotNet.Models.Streaming.StreamingMarketFilter.html
		docs\_site\api\BetfairDotNet.Services.AccountService.html = docs\_site\api\BetfairDotNet.Services.AccountService.html
		docs\_site\api\BetfairDotNet.Services.BettingService.html = docs\_site\api\BetfairDotNet.Services.BettingService.html
		docs\_site\api\BetfairDotNet.Services.HeartbeatService.html = docs\_site\api\BetfairDotNet.Services.HeartbeatService.html
		docs\_site\api\BetfairDotNet.Services.html = docs\_site\api\BetfairDotNet.Services.html
		docs\_site\api\BetfairDotNet.Services.LoginService.html = docs\_site\api\BetfairDotNet.Services.LoginService.html
		docs\_site\api\BetfairDotNet.Services.NavigationService.html = docs\_site\api\BetfairDotNet.Services.NavigationService.html
		docs\_site\api\BetfairDotNet.Services.StreamingService.html = docs\_site\api\BetfairDotNet.Services.StreamingService.html
		docs\_site\api\BetfairDotNet.Utils.html = docs\_site\api\BetfairDotNet.Utils.html
		docs\_site\api\BetfairDotNet.Utils.PriceHelpers.html = docs\_site\api\BetfairDotNet.Utils.PriceHelpers.html
		docs\_site\api\index.html = docs\_site\api\index.html
		docs\_site\api\toc.html = docs\_site\api\toc.html
		docs\_site\api\toc.json = docs\_site\api\toc.json
	EndProjectSection
EndProject
Project("{2150E333-8FDC-42A3-9474-1A3956D46DE8}") = "articles", "articles", "{1B65F6FE-5959-4C68-B942-67D7F7D5F3D1}"
	ProjectSection(SolutionItems) = preProject
		docs\_site\articles\login-guide.html = docs\_site\articles\login-guide.html
		docs\_site\articles\ng-guide.html = docs\_site\articles\ng-guide.html
		docs\_site\articles\stream-guide.html = docs\_site\articles\stream-guide.html
		docs\_site\articles\toc.html = docs\_site\articles\toc.html
		docs\_site\articles\toc.json = docs\_site\articles\toc.json
		docs\_site\articles\useful-snippets.html = docs\_site\articles\useful-snippets.html
	EndProjectSection
EndProject
Project("{2150E333-8FDC-42A3-9474-1A3956D46DE8}") = "public", "public", "{E99D096F-7B7B-495E-AA2F-8E8BF6D0A2E9}"
	ProjectSection(SolutionItems) = preProject
		docs\_site\public\bootstrap-icons-AJUF3K7A.woff2 = docs\_site\public\bootstrap-icons-AJUF3K7A.woff2
		docs\_site\public\bootstrap-icons-QRR4WHQW.woff = docs\_site\public\bootstrap-icons-QRR4WHQW.woff
		docs\_site\public\c4Diagram-c0b17d02-ZBCGQ7YY.min.js = docs\_site\public\c4Diagram-c0b17d02-ZBCGQ7YY.min.js
		docs\_site\public\c4Diagram-c0b17d02-ZBCGQ7YY.min.js.map = docs\_site\public\c4Diagram-c0b17d02-ZBCGQ7YY.min.js.map
		docs\_site\public\chunk-2JU6FAUR.min.js = docs\_site\public\chunk-2JU6FAUR.min.js
		docs\_site\public\chunk-2JU6FAUR.min.js.map = docs\_site\public\chunk-2JU6FAUR.min.js.map
		docs\_site\public\chunk-6WVHDLRC.min.js = docs\_site\public\chunk-6WVHDLRC.min.js
		docs\_site\public\chunk-6WVHDLRC.min.js.map = docs\_site\public\chunk-6WVHDLRC.min.js.map
		docs\_site\public\chunk-7DZIWMYU.min.js = docs\_site\public\chunk-7DZIWMYU.min.js
		docs\_site\public\chunk-7DZIWMYU.min.js.map = docs\_site\public\chunk-7DZIWMYU.min.js.map
		docs\_site\public\chunk-EOWJOLPV.min.js = docs\_site\public\chunk-EOWJOLPV.min.js
		docs\_site\public\chunk-EOWJOLPV.min.js.map = docs\_site\public\chunk-EOWJOLPV.min.js.map
		docs\_site\public\chunk-F5HZMA2O.min.js = docs\_site\public\chunk-F5HZMA2O.min.js
		docs\_site\public\chunk-F5HZMA2O.min.js.map = docs\_site\public\chunk-F5HZMA2O.min.js.map
		docs\_site\public\chunk-IKQ2FLSE.min.js = docs\_site\public\chunk-IKQ2FLSE.min.js
		docs\_site\public\chunk-IKQ2FLSE.min.js.map = docs\_site\public\chunk-IKQ2FLSE.min.js.map
		docs\_site\public\chunk-JYTG7Z5H.min.js = docs\_site\public\chunk-JYTG7Z5H.min.js
		docs\_site\public\chunk-JYTG7Z5H.min.js.map = docs\_site\public\chunk-JYTG7Z5H.min.js.map
		docs\_site\public\chunk-N4KMO2SW.min.js = docs\_site\public\chunk-N4KMO2SW.min.js
		docs\_site\public\chunk-N4KMO2SW.min.js.map = docs\_site\public\chunk-N4KMO2SW.min.js.map
		docs\_site\public\chunk-P42HNYSU.min.js = docs\_site\public\chunk-P42HNYSU.min.js
		docs\_site\public\chunk-P42HNYSU.min.js.map = docs\_site\public\chunk-P42HNYSU.min.js.map
		docs\_site\public\chunk-PBNKOM7K.min.js = docs\_site\public\chunk-PBNKOM7K.min.js
		docs\_site\public\chunk-PBNKOM7K.min.js.map = docs\_site\public\chunk-PBNKOM7K.min.js.map
		docs\_site\public\chunk-Q6G2VLU2.min.js = docs\_site\public\chunk-Q6G2VLU2.min.js
		docs\_site\public\chunk-Q6G2VLU2.min.js.map = docs\_site\public\chunk-Q6G2VLU2.min.js.map
		docs\_site\public\chunk-TCQ7DWI4.min.js = docs\_site\public\chunk-TCQ7DWI4.min.js
		docs\_site\public\chunk-TCQ7DWI4.min.js.map = docs\_site\public\chunk-TCQ7DWI4.min.js.map
		docs\_site\public\chunk-ZGFNTTPV.min.js = docs\_site\public\chunk-ZGFNTTPV.min.js
		docs\_site\public\chunk-ZGFNTTPV.min.js.map = docs\_site\public\chunk-ZGFNTTPV.min.js.map
		docs\_site\public\classDiagram-a8cc8886-QMC5ATKO.min.js = docs\_site\public\classDiagram-a8cc8886-QMC5ATKO.min.js
		docs\_site\public\classDiagram-a8cc8886-QMC5ATKO.min.js.map = docs\_site\public\classDiagram-a8cc8886-QMC5ATKO.min.js.map
		docs\_site\public\classDiagram-v2-802a48d3-DVZMOQWE.min.js = docs\_site\public\classDiagram-v2-802a48d3-DVZMOQWE.min.js
		docs\_site\public\classDiagram-v2-802a48d3-DVZMOQWE.min.js.map = docs\_site\public\classDiagram-v2-802a48d3-DVZMOQWE.min.js.map
		docs\_site\public\docfx.min.css = docs\_site\public\docfx.min.css
		docs\_site\public\docfx.min.css.map = docs\_site\public\docfx.min.css.map
		docs\_site\public\docfx.min.js = docs\_site\public\docfx.min.js
		docs\_site\public\docfx.min.js.map = docs\_site\public\docfx.min.js.map
		docs\_site\public\erDiagram-dedf2781-Q2Y2LWZP.min.js = docs\_site\public\erDiagram-dedf2781-Q2Y2LWZP.min.js
		docs\_site\public\erDiagram-dedf2781-Q2Y2LWZP.min.js.map = docs\_site\public\erDiagram-dedf2781-Q2Y2LWZP.min.js.map
		docs\_site\public\es-P4FFLVA3.min.js = docs\_site\public\es-P4FFLVA3.min.js
		docs\_site\public\es-P4FFLVA3.min.js.map = docs\_site\public\es-P4FFLVA3.min.js.map
		docs\_site\public\flowchart-elk-definition-56584a6c-5O7PL47I.min.js = docs\_site\public\flowchart-elk-definition-56584a6c-5O7PL47I.min.js
		docs\_site\public\flowchart-elk-definition-56584a6c-5O7PL47I.min.js.map = docs\_site\public\flowchart-elk-definition-56584a6c-5O7PL47I.min.js.map
		docs\_site\public\flowDiagram-d6f8fe3a-AG745K43.min.js = docs\_site\public\flowDiagram-d6f8fe3a-AG745K43.min.js
		docs\_site\public\flowDiagram-d6f8fe3a-AG745K43.min.js.map = docs\_site\public\flowDiagram-d6f8fe3a-AG745K43.min.js.map
		docs\_site\public\flowDiagram-v2-58f49b84-7H5SAYF6.min.js = docs\_site\public\flowDiagram-v2-58f49b84-7H5SAYF6.min.js
		docs\_site\public\flowDiagram-v2-58f49b84-7H5SAYF6.min.js.map = docs\_site\public\flowDiagram-v2-58f49b84-7H5SAYF6.min.js.map
		docs\_site\public\ganttDiagram-088dbd90-UQKBW6OE.min.js = docs\_site\public\ganttDiagram-088dbd90-UQKBW6OE.min.js
		docs\_site\public\ganttDiagram-088dbd90-UQKBW6OE.min.js.map = docs\_site\public\ganttDiagram-088dbd90-UQKBW6OE.min.js.map
		docs\_site\public\gitGraphDiagram-e0ffc2d1-HYWTEHTB.min.js = docs\_site\public\gitGraphDiagram-e0ffc2d1-HYWTEHTB.min.js
		docs\_site\public\gitGraphDiagram-e0ffc2d1-HYWTEHTB.min.js.map = docs\_site\public\gitGraphDiagram-e0ffc2d1-HYWTEHTB.min.js.map
		docs\_site\public\infoDiagram-64895a6e-MQ2S4K2K.min.js = docs\_site\public\infoDiagram-64895a6e-MQ2S4K2K.min.js
		docs\_site\public\infoDiagram-64895a6e-MQ2S4K2K.min.js.map = docs\_site\public\infoDiagram-64895a6e-MQ2S4K2K.min.js.map
		docs\_site\public\journeyDiagram-adaa34f8-UMRA3YOL.min.js = docs\_site\public\journeyDiagram-adaa34f8-UMRA3YOL.min.js
		docs\_site\public\journeyDiagram-adaa34f8-UMRA3YOL.min.js.map = docs\_site\public\journeyDiagram-adaa34f8-UMRA3YOL.min.js.map
		docs\_site\public\main.css = docs\_site\public\main.css
		docs\_site\public\main.js = docs\_site\public\main.js
		docs\_site\public\mermaid.core-5D3S35ZG.min.js = docs\_site\public\mermaid.core-5D3S35ZG.min.js
		docs\_site\public\mermaid.core-5D3S35ZG.min.js.map = docs\_site\public\mermaid.core-5D3S35ZG.min.js.map
		docs\_site\public\mindmap-definition-57868176-RJA5CHHA.min.js = docs\_site\public\mindmap-definition-57868176-RJA5CHHA.min.js
		docs\_site\public\mindmap-definition-57868176-RJA5CHHA.min.js.map = docs\_site\public\mindmap-definition-57868176-RJA5CHHA.min.js.map
		docs\_site\public\pieDiagram-3fca7ce7-O7VT65XQ.min.js = docs\_site\public\pieDiagram-3fca7ce7-O7VT65XQ.min.js
		docs\_site\public\pieDiagram-3fca7ce7-O7VT65XQ.min.js.map = docs\_site\public\pieDiagram-3fca7ce7-O7VT65XQ.min.js.map
		docs\_site\public\quadrantDiagram-0ca4be02-B3GDMHUK.min.js = docs\_site\public\quadrantDiagram-0ca4be02-B3GDMHUK.min.js
		docs\_site\public\quadrantDiagram-0ca4be02-B3GDMHUK.min.js.map = docs\_site\public\quadrantDiagram-0ca4be02-B3GDMHUK.min.js.map
		docs\_site\public\requirementDiagram-e13af0f0-JISW5VYB.min.js = docs\_site\public\requirementDiagram-e13af0f0-JISW5VYB.min.js
		docs\_site\public\requirementDiagram-e13af0f0-JISW5VYB.min.js.map = docs\_site\public\requirementDiagram-e13af0f0-JISW5VYB.min.js.map
		docs\_site\public\sankeyDiagram-a7f8e230-TNNMDSPM.min.js = docs\_site\public\sankeyDiagram-a7f8e230-TNNMDSPM.min.js
		docs\_site\public\sankeyDiagram-a7f8e230-TNNMDSPM.min.js.map = docs\_site\public\sankeyDiagram-a7f8e230-TNNMDSPM.min.js.map
		docs\_site\public\search-worker.min.js = docs\_site\public\search-worker.min.js
		docs\_site\public\search-worker.min.js.map = docs\_site\public\search-worker.min.js.map
		docs\_site\public\sequenceDiagram-84aa38e3-KQQQ54TM.min.js = docs\_site\public\sequenceDiagram-84aa38e3-KQQQ54TM.min.js
		docs\_site\public\sequenceDiagram-84aa38e3-KQQQ54TM.min.js.map = docs\_site\public\sequenceDiagram-84aa38e3-KQQQ54TM.min.js.map
		docs\_site\public\stateDiagram-9a586ac6-6TCK5EZW.min.js = docs\_site\public\stateDiagram-9a586ac6-6TCK5EZW.min.js
		docs\_site\public\stateDiagram-9a586ac6-6TCK5EZW.min.js.map = docs\_site\public\stateDiagram-9a586ac6-6TCK5EZW.min.js.map
		docs\_site\public\stateDiagram-v2-96f2b9df-5FO6F55E.min.js = docs\_site\public\stateDiagram-v2-96f2b9df-5FO6F55E.min.js
		docs\_site\public\stateDiagram-v2-96f2b9df-5FO6F55E.min.js.map = docs\_site\public\stateDiagram-v2-96f2b9df-5FO6F55E.min.js.map
		docs\_site\public\tex-svg-full-NDFOGKDH.min.js = docs\_site\public\tex-svg-full-NDFOGKDH.min.js
		docs\_site\public\tex-svg-full-NDFOGKDH.min.js.map = docs\_site\public\tex-svg-full-NDFOGKDH.min.js.map
		docs\_site\public\timeline-definition-1a90b03d-HQU2RWXG.min.js = docs\_site\public\timeline-definition-1a90b03d-HQU2RWXG.min.js
		docs\_site\public\timeline-definition-1a90b03d-HQU2RWXG.min.js.map = docs\_site\public\timeline-definition-1a90b03d-HQU2RWXG.min.js.map
	EndProjectSection
EndProject
Global
	GlobalSection(SolutionConfigurationPlatforms) = preSolution
		Debug|Any CPU = Debug|Any CPU
		Release|Any CPU = Release|Any CPU
	EndGlobalSection
	GlobalSection(ProjectConfigurationPlatforms) = postSolution
		{C5A23823-2294-4BCB-A32A-D3A7092A4E73}.Debug|Any CPU.ActiveCfg = Debug|Any CPU
		{C5A23823-2294-4BCB-A32A-D3A7092A4E73}.Debug|Any CPU.Build.0 = Debug|Any CPU
		{C5A23823-2294-4BCB-A32A-D3A7092A4E73}.Release|Any CPU.ActiveCfg = Release|Any CPU
		{C5A23823-2294-4BCB-A32A-D3A7092A4E73}.Release|Any CPU.Build.0 = Release|Any CPU
		{F369E322-2317-4FA3-86C6-FA92A2B2EEF5}.Debug|Any CPU.ActiveCfg = Debug|Any CPU
		{F369E322-2317-4FA3-86C6-FA92A2B2EEF5}.Debug|Any CPU.Build.0 = Debug|Any CPU
		{F369E322-2317-4FA3-86C6-FA92A2B2EEF5}.Release|Any CPU.ActiveCfg = Release|Any CPU
		{F369E322-2317-4FA3-86C6-FA92A2B2EEF5}.Release|Any CPU.Build.0 = Release|Any CPU
	EndGlobalSection
	GlobalSection(SolutionProperties) = preSolution
		HideSolutionNode = FALSE
	EndGlobalSection
	GlobalSection(NestedProjects) = preSolution
		{424F26AB-A79F-4866-9F4A-C58EC87F7898} = {2FE436FB-5886-49B9-A4E8-122EEA3B774C}
		{CD95BAE7-0C50-4B8D-B93E-7E3AD5C91964} = {2FE436FB-5886-49B9-A4E8-122EEA3B774C}
		{9484376E-6C5B-4AB5-B902-BABEC5039A2D} = {2FE436FB-5886-49B9-A4E8-122EEA3B774C}
		{C5A23823-2294-4BCB-A32A-D3A7092A4E73} = {424F26AB-A79F-4866-9F4A-C58EC87F7898}
		{F369E322-2317-4FA3-86C6-FA92A2B2EEF5} = {9484376E-6C5B-4AB5-B902-BABEC5039A2D}
		{DEBAB036-7728-4741-A792-E212BC6C5125} = {CD95BAE7-0C50-4B8D-B93E-7E3AD5C91964}
		{E8D51A65-E11E-4525-B42C-3582880ADE4F} = {CD95BAE7-0C50-4B8D-B93E-7E3AD5C91964}
		{13E4ED38-6243-4FB6-8C06-C7EA6FDFA88D} = {CD95BAE7-0C50-4B8D-B93E-7E3AD5C91964}
		{F237A012-CC0C-4F5B-A866-A045163D894C} = {DEBAB036-7728-4741-A792-E212BC6C5125}
		{1B65F6FE-5959-4C68-B942-67D7F7D5F3D1} = {DEBAB036-7728-4741-A792-E212BC6C5125}
		{E99D096F-7B7B-495E-AA2F-8E8BF6D0A2E9} = {DEBAB036-7728-4741-A792-E212BC6C5125}
	EndGlobalSection
	GlobalSection(ExtensibilityGlobals) = postSolution
		SolutionGuid = {92D2D7D9-E337-4ACF-A1F5-C5858BB82C20}
	EndGlobalSection
EndGlobal
